{
  "name": "yt2invidious",
  "version": "1.0.0",
  "lockfileVersion": 3,
  "requires": true,
  "packages": {
    "": {
      "name": "yt2invidious",
      "version": "1.0.0",
      "license": "ISC",
      "dependencies": {
        "fs-extra": "^11.2.0",
        "prepend-file": "^2.0.1",
        "uglify-js": "^3.18.0"
      }
    },
    "node_modules/fs-extra": {
      "version": "11.2.0",
      "resolved": "https://registry.npmjs.org/fs-extra/-/fs-extra-11.2.0.tgz",
      "integrity": "sha512-PmDi3uwK5nFuXh7XDTlVnS17xJS7vW36is2+w3xcv8SVxiB4NyATf4ctkVY5bkSjX0Y4nbvZCq1/EjtEyr9ktw==",
      "dependencies": {
        "graceful-fs": "^4.2.0",
        "jsonfile": "^6.0.1",
        "universalify": "^2.0.0"
      },
      "engines": {
        "node": ">=14.14"
      }
    },
    "node_modules/graceful-fs": {
      "version": "4.2.11",
      "resolved": "https://registry.npmjs.org/graceful-fs/-/graceful-fs-4.2.11.tgz",
      "integrity": "sha512-RbJ5/jmFcNNCcDV5o9eTnBLJ/HszWV0P73bc+Ff4nS/rJj+YaS6IGyiOL0VoBYX+l1Wrl3k63h/KrH+nhJ0XvQ=="
    },
    "node_modules/is-stream": {
      "version": "2.0.1",
      "resolved": "https://registry.npmjs.org/is-stream/-/is-stream-2.0.1.tgz",
      "integrity": "sha512-hFoiJiTl63nn+kstHGBtewWSKnQLpyb155KHheA1l39uvtO9nWIop1p3udqPcUd/xbF1VLMO4n7OI6p7RbngDg==",
      "engines": {
        "node": ">=8"
      },
      "funding": {
        "url": "https://github.com/sponsors/sindresorhus"
      }
    },
    "node_modules/jsonfile": {
      "version": "6.1.0",
      "resolved": "https://registry.npmjs.org/jsonfile/-/jsonfile-6.1.0.tgz",
      "integrity": "sha512-5dgndWOriYSm5cnYaJNhalLNDKOqFwyDB/rr1E9ZsGciGvKPs8R2xYGCacuf3z6K1YKDz182fd+fY3cn3pMqXQ==",
      "dependencies": {
        "universalify": "^2.0.0"
      },
      "optionalDependencies": {
        "graceful-fs": "^4.1.6"
      }
    },
    "node_modules/make-dir": {
      "version": "3.1.0",
      "resolved": "https://registry.npmjs.org/make-dir/-/make-dir-3.1.0.tgz",
      "integrity": "sha512-g3FeP20LNwhALb/6Cz6Dd4F2ngze0jz7tbzrD2wAV+o9FeNHe4rL+yK2md0J/fiSf1sa1ADhXqi5+oVwOM/eGw==",
      "dependencies": {
        "semver": "^6.0.0"
      },
      "engines": {
        "node": ">=8"
      },
      "funding": {
        "url": "https://github.com/sponsors/sindresorhus"
      }
    },
    "node_modules/prepend-file": {
      "version": "2.0.1",
      "resolved": "https://registry.npmjs.org/prepend-file/-/prepend-file-2.0.1.tgz",
      "integrity": "sha512-0hXWjmOpz5YBIk6xujS0lYtCw6IAA0wCR3fw49UGTLc3E9BIhcxgqdMa8rzGvrtt2F8wFiGP42oEpQ8fo9zhRw==",
      "dependencies": {
        "temp-write": "^4.0.0"
      },
      "engines": {
        "node": "^10.17 || >=11.14"
      }
    },
    "node_modules/semver": {
      "version": "6.3.1",
      "resolved": "https://registry.npmjs.org/semver/-/semver-6.3.1.tgz",
      "integrity": "sha512-BR7VvDCVHO+q2xBEWskxS6DJE1qRnb7DxzUrogb71CWoSficBxYsiAGd+Kl0mmq/MprG9yArRkyrQxTO6XjMzA==",
      "bin": {
        "semver": "bin/semver.js"
      }
    },
    "node_modules/temp-dir": {
      "version": "1.0.0",
      "resolved": "https://registry.npmjs.org/temp-dir/-/temp-dir-1.0.0.tgz",
      "integrity": "sha512-xZFXEGbG7SNC3itwBzI3RYjq/cEhBkx2hJuKGIUOcEULmkQExXiHat2z/qkISYsuR+IKumhEfKKbV5qXmhICFQ==",
      "engines": {
        "node": ">=4"
      }
    },
    "node_modules/temp-write": {
      "version": "4.0.0",
      "resolved": "https://registry.npmjs.org/temp-write/-/temp-write-4.0.0.tgz",
      "integrity": "sha512-HIeWmj77uOOHb0QX7siN3OtwV3CTntquin6TNVg6SHOqCP3hYKmox90eeFOGaY1MqJ9WYDDjkyZrW6qS5AWpbw==",
      "dependencies": {
        "graceful-fs": "^4.1.15",
        "is-stream": "^2.0.0",
        "make-dir": "^3.0.0",
        "temp-dir": "^1.0.0",
        "uuid": "^3.3.2"
      },
      "engines": {
        "node": ">=8"
      }
    },
    "node_modules/uglify-js": {
      "version": "3.18.0",
      "resolved": "https://registry.npmjs.org/uglify-js/-/uglify-js-3.18.0.tgz",
      "integrity": "sha512-SyVVbcNBCk0dzr9XL/R/ySrmYf0s372K6/hFklzgcp2lBFyXtw4I7BOdDjlLhE1aVqaI/SHWXWmYdlZxuyF38A==",
      "bin": {
        "uglifyjs": "bin/uglifyjs"
      },
      "engines": {
        "node": ">=0.8.0"
      }
    },
    "node_modules/universalify": {
      "version": "2.0.1",
      "resolved": "https://registry.npmjs.org/universalify/-/universalify-2.0.1.tgz",
      "integrity": "sha512-gptHNQghINnc/vTGIk0SOFGFNXw7JVrlRUtConJRlvaw6DuX0wO5Jeko9sWrMBhh+PsYAZ7oXAiOnf/UKogyiw==",
      "engines": {
        "node": ">= 10.0.0"
      }
    },
    "node_modules/uuid": {
      "version": "3.4.0",
      "resolved": "https://registry.npmjs.org/uuid/-/uuid-3.4.0.tgz",
      "integrity": "sha512-HjSDRw6gZE5JMggctHBcjVak08+KEVhSIiDzFnT9S9aegmp85S/bReBVTb4QTFaRNptJ9kuYaNhnbNEOkbKb/A==",
      "deprecated": "Please upgrade  to version 7 or higher.  Older versions may use Math.random() in certain circumstances, which is known to be problematic.  See https://v8.dev/blog/math-random for details.",
      "bin": {
        "uuid": "bin/uuid"
      }
    }
  }
}
